// !$*UTF8*$!
{
	archiveVersion = 1;
	classes = {
	};
	objectVersion = 56;
	objects = {

/* Begin PBXBuildFile section */
		EA2D81842A85F0DB00BADA1D /* Dice_BlackjackApp.swift in Sources */ = {isa = PBXBuildFile; fileRef = EA2D81832A85F0DB00BADA1D /* Dice_BlackjackApp.swift */; };
		EA2D81862A85F0DB00BADA1D /* ContentView.swift in Sources */ = {isa = PBXBuildFile; fileRef = EA2D81852A85F0DB00BADA1D /* ContentView.swift */; };
		EA2D81882A85F0DD00BADA1D /* Assets.xcassets in Resources */ = {isa = PBXBuildFile; fileRef = EA2D81872A85F0DD00BADA1D /* Assets.xcassets */; };
		EA2D818C2A85F0DD00BADA1D /* Preview Assets.xcassets in Resources */ = {isa = PBXBuildFile; fileRef = EA2D818B2A85F0DD00BADA1D /* Preview Assets.xcassets */; };
		EA2D81962A85F0DD00BADA1D /* Dice_BlackjackTests.swift in Sources */ = {isa = PBXBuildFile; fileRef = EA2D81952A85F0DD00BADA1D /* Dice_BlackjackTests.swift */; };
		EA2D81A02A85F0DD00BADA1D /* Dice_BlackjackUITests.swift in Sources */ = {isa = PBXBuildFile; fileRef = EA2D819F2A85F0DD00BADA1D /* Dice_BlackjackUITests.swift */; };
		EA2D81A22A85F0DD00BADA1D /* Dice_BlackjackUITestsLaunchTests.swift in Sources */ = {isa = PBXBuildFile; fileRef = EA2D81A12A85F0DD00BADA1D /* Dice_BlackjackUITestsLaunchTests.swift */; };
/* End PBXBuildFile section */

/* Begin PBXContainerItemProxy section */
		EA2D81922A85F0DD00BADA1D /* PBXContainerItemProxy */ = {
			isa = PBXContainerItemProxy;
			containerPortal = EA2D81782A85F0DB00BADA1D /* Project object */;
			proxyType = 1;
			remoteGlobalIDString = EA2D817F2A85F0DB00BADA1D;
			remoteInfo = "Dice Blackjack";
		};
		EA2D819C2A85F0DD00BADA1D /* PBXContainerItemProxy */ = {
			isa = PBXContainerItemProxy;
			containerPortal = EA2D81782A85F0DB00BADA1D /* Project object */;
			proxyType = 1;
			remoteGlobalIDString = EA2D817F2A85F0DB00BADA1D;
			remoteInfo = "Dice Blackjack";
		};
/* End PBXContainerItemProxy section */

/* Begin PBXFileReference section */
		EA2D81802A85F0DB00BADA1D /* Dice Blackjack.app */ = {isa = PBXFileReference; explicitFileType = wrapper.application; includeInIndex = 0; path = "Dice Blackjack.app"; sourceTree = BUILT_PRODUCTS_DIR; };
		EA2D81832A85F0DB00BADA1D /* Dice_BlackjackApp.swift */ = {isa = PBXFileReference; lastKnownFileType = sourcecode.swift; path = Dice_BlackjackApp.swift; sourceTree = "<group>"; };
		EA2D81852A85F0DB00BADA1D /* ContentView.swift */ = {isa = PBXFileReference; lastKnownFileType = sourcecode.swift; path = ContentView.swift; sourceTree = "<group>"; };
		EA2D81872A85F0DD00BADA1D /* Assets.xcassets */ = {isa = PBXFileReference; lastKnownFileType = folder.assetcatalog; path = Assets.xcassets; sourceTree = "<group>"; };
		EA2D81892A85F0DD00BADA1D /* Dice_Blackjack.entitlements */ = {isa = PBXFileReference; lastKnownFileType = text.plist.entitlements; path = Dice_Blackjack.entitlements; sourceTree = "<group>"; };
		EA2D818B2A85F0DD00BADA1D /* Preview Assets.xcassets */ = {isa = PBXFileReference; lastKnownFileType = folder.assetcatalog; path = "Preview Assets.xcassets"; sourceTree = "<group>"; };
		EA2D81912A85F0DD00BADA1D /* Dice BlackjackTests.xctest */ = {isa = PBXFileReference; explicitFileType = wrapper.cfbundle; includeInIndex = 0; path = "Dice BlackjackTests.xctest"; sourceTree = BUILT_PRODUCTS_DIR; };
		EA2D81952A85F0DD00BADA1D /* Dice_BlackjackTests.swift */ = {isa = PBXFileReference; lastKnownFileType = sourcecode.swift; path = Dice_BlackjackTests.swift; sourceTree = "<group>"; };
		EA2D819B2A85F0DD00BADA1D /* Dice BlackjackUITests.xctest */ = {isa = PBXFileReference; explicitFileType = wrapper.cfbundle; includeInIndex = 0; path = "Dice BlackjackUITests.xctest"; sourceTree = BUILT_PRODUCTS_DIR; };
		EA2D819F2A85F0DD00BADA1D /* Dice_BlackjackUITests.swift */ = {isa = PBXFileReference; lastKnownFileType = sourcecode.swift; path = Dice_BlackjackUITests.swift; sourceTree = "<group>"; };
		EA2D81A12A85F0DD00BADA1D /* Dice_BlackjackUITestsLaunchTests.swift */ = {isa = PBXFileReference; lastKnownFileType = sourcecode.swift; path = Dice_BlackjackUITestsLaunchTests.swift; sourceTree = "<group>"; };
/* End PBXFileReference section */

/* Begin PBXFrameworksBuildPhase section */
		EA2D817D2A85F0DB00BADA1D /* Frameworks */ = {
			isa = PBXFrameworksBuildPhase;
			buildActionMask = 2147483647;
			files = (
			);
			runOnlyForDeploymentPostprocessing = 0;
		};
		EA2D818E2A85F0DD00BADA1D /* Frameworks */ = {
			isa = PBXFrameworksBuildPhase;
			buildActionMask = 2147483647;
			files = (
			);
			runOnlyForDeploymentPostprocessing = 0;
		};
		EA2D81982A85F0DD00BADA1D /* Frameworks */ = {
			isa = PBXFrameworksBuildPhase;
			buildActionMask = 2147483647;
			files = (
			);
			runOnlyForDeploymentPostprocessing = 0;
		};
/* End PBXFrameworksBuildPhase section */

/* Begin PBXGroup section */
		EA2D81772A85F0DB00BADA1D = {
			isa = PBXGroup;
			children = (
				EA2D81822A85F0DB00BADA1D /* Dice Blackjack */,
				EA2D81942A85F0DD00BADA1D /* Dice BlackjackTests */,
				EA2D819E2A85F0DD00BADA1D /* Dice BlackjackUITests */,
				EA2D81812A85F0DB00BADA1D /* Products */,
			);
			sourceTree = "<group>";
		};
		EA2D81812A85F0DB00BADA1D /* Products */ = {
			isa = PBXGroup;
			children = (
				EA2D81802A85F0DB00BADA1D /* Dice Blackjack.app */,
				EA2D81912A85F0DD00BADA1D /* Dice BlackjackTests.xctest */,
				EA2D819B2A85F0DD00BADA1D /* Dice BlackjackUITests.xctest */,
			);
			name = Products;
			sourceTree = "<group>";
		};
		EA2D81822A85F0DB00BADA1D /* Dice Blackjack */ = {
			isa = PBXGroup;
			children = (
				EA2D81832A85F0DB00BADA1D /* Dice_BlackjackApp.swift */,
				EA2D81852A85F0DB00BADA1D /* ContentView.swift */,
				EA2D81872A85F0DD00BADA1D /* Assets.xcassets */,
				EA2D81892A85F0DD00BADA1D /* Dice_Blackjack.entitlements */,
				EA2D818A2A85F0DD00BADA1D /* Preview Content */,
			);
			path = "Dice Blackjack";
			sourceTree = "<group>";
		};
		EA2D818A2A85F0DD00BADA1D /* Preview Content */ = {
			isa = PBXGroup;
			children = (
				EA2D818B2A85F0DD00BADA1D /* Preview Assets.xcassets */,
			);
			path = "Preview Content";
			sourceTree = "<group>";
		};
		EA2D81942A85F0DD00BADA1D /* Dice BlackjackTests */ = {
			isa = PBXGroup;
			children = (
				EA2D81952A85F0DD00BADA1D /* Dice_BlackjackTests.swift */,
			);
			path = "Dice BlackjackTests";
			sourceTree = "<group>";
		};
		EA2D819E2A85F0DD00BADA1D /* Dice BlackjackUITests */ = {
			isa = PBXGroup;
			children = (
				EA2D819F2A85F0DD00BADA1D /* Dice_BlackjackUITests.swift */,
				EA2D81A12A85F0DD00BADA1D /* Dice_BlackjackUITestsLaunchTests.swift */,
			);
			path = "Dice BlackjackUITests";
			sourceTree = "<group>";
		};
/* End PBXGroup section */

/* Begin PBXNativeTarget section */
		EA2D817F2A85F0DB00BADA1D /* Dice Blackjack */ = {
			isa = PBXNativeTarget;
			buildConfigurationList = EA2D81A52A85F0DD00BADA1D /* Build configuration list for PBXNativeTarget "Dice Blackjack" */;
			buildPhases = (
				EA2D817C2A85F0DB00BADA1D /* Sources */,
				EA2D817D2A85F0DB00BADA1D /* Frameworks */,
				EA2D817E2A85F0DB00BADA1D /* Resources */,
			);
			buildRules = (
			);
			dependencies = (
			);
			name = "Dice Blackjack";
			productName = "Dice Blackjack";
			productReference = EA2D81802A85F0DB00BADA1D /* Dice Blackjack.app */;
			productType = "com.apple.product-type.application";
		};
		EA2D81902A85F0DD00BADA1D /* Dice BlackjackTests */ = {
			isa = PBXNativeTarget;
			buildConfigurationList = EA2D81A82A85F0DD00BADA1D /* Build configuration list for PBXNativeTarget "Dice BlackjackTests" */;
			buildPhases = (
				EA2D818D2A85F0DD00BADA1D /* Sources */,
				EA2D818E2A85F0DD00BADA1D /* Frameworks */,
				EA2D818F2A85F0DD00BADA1D /* Resources */,
			);
			buildRules = (
			);
			dependencies = (
				EA2D81932A85F0DD00BADA1D /* PBXTargetDependency */,
			);
			name = "Dice BlackjackTests";
			productName = "Dice BlackjackTests";
			productReference = EA2D81912A85F0DD00BADA1D /* Dice BlackjackTests.xctest */;
			productType = "com.apple.product-type.bundle.unit-test";
		};
		EA2D819A2A85F0DD00BADA1D /* Dice BlackjackUITests */ = {
			isa = PBXNativeTarget;
			buildConfigurationList = EA2D81AB2A85F0DD00BADA1D /* Build configuration list for PBXNativeTarget "Dice BlackjackUITests" */;
			buildPhases = (
				EA2D81972A85F0DD00BADA1D /* Sources */,
				EA2D81982A85F0DD00BADA1D /* Frameworks */,
				EA2D81992A85F0DD00BADA1D /* Resources */,
			);
			buildRules = (
			);
			dependencies = (
				EA2D819D2A85F0DD00BADA1D /* PBXTargetDependency */,
			);
			name = "Dice BlackjackUITests";
			productName = "Dice BlackjackUITests";
			productReference = EA2D819B2A85F0DD00BADA1D /* Dice BlackjackUITests.xctest */;
			productType = "com.apple.product-type.bundle.ui-testing";
		};
/* End PBXNativeTarget section */

/* Begin PBXProject section */
		EA2D81782A85F0DB00BADA1D /* Project object */ = {
			isa = PBXProject;
			attributes = {
				BuildIndependentTargetsInParallel = 1;
				LastSwiftUpdateCheck = 1430;
				LastUpgradeCheck = 1430;
				TargetAttributes = {
					EA2D817F2A85F0DB00BADA1D = {
						CreatedOnToolsVersion = 14.3.1;
					};
					EA2D81902A85F0DD00BADA1D = {
						CreatedOnToolsVersion = 14.3.1;
						TestTargetID = EA2D817F2A85F0DB00BADA1D;
					};
					EA2D819A2A85F0DD00BADA1D = {
						CreatedOnToolsVersion = 14.3.1;
						TestTargetID = EA2D817F2A85F0DB00BADA1D;
					};
				};
			};
			buildConfigurationList = EA2D817B2A85F0DB00BADA1D /* Build configuration list for PBXProject "Dice Blackjack" */;
			compatibilityVersion = "Xcode 14.0";
			developmentRegion = en;
			hasScannedForEncodings = 0;
			knownRegions = (
				en,
				Base,
			);
			mainGroup = EA2D81772A85F0DB00BADA1D;
			productRefGroup = EA2D81812A85F0DB00BADA1D /* Products */;
			projectDirPath = "";
			projectRoot = "";
			targets = (
				EA2D817F2A85F0DB00BADA1D /* Dice Blackjack */,
				EA2D81902A85F0DD00BADA1D /* Dice BlackjackTests */,
				EA2D819A2A85F0DD00BADA1D /* Dice BlackjackUITests */,
			);
		};
/* End PBXProject section */

/* Begin PBXResourcesBuildPhase section */
		EA2D817E2A85F0DB00BADA1D /* Resources */ = {
			isa = PBXResourcesBuildPhase;
			buildActionMask = 2147483647;
			files = (
				EA2D818C2A85F0DD00BADA1D /* Preview Assets.xcassets in Resources */,
				EA2D81882A85F0DD00BADA1D /* Assets.xcassets in Resources */,
			);
			runOnlyForDeploymentPostprocessing = 0;
		};
		EA2D818F2A85F0DD00BADA1D /* Resources */ = {
			isa = PBXResourcesBuildPhase;
			buildActionMask = 2147483647;
			files = (
			);
			runOnlyForDeploymentPostprocessing = 0;
		};
		EA2D81992A85F0DD00BADA1D /* Resources */ = {
			isa = PBXResourcesBuildPhase;
			buildActionMask = 2147483647;
			files = (
			);
			runOnlyForDeploymentPostprocessing = 0;
		};
/* End PBXResourcesBuildPhase section */

/* Begin PBXSourcesBuildPhase section */
		EA2D817C2A85F0DB00BADA1D /* Sources */ = {
			isa = PBXSourcesBuildPhase;
			buildActionMask = 2147483647;
			files = (
				EA2D81862A85F0DB00BADA1D /* ContentView.swift in Sources */,
				EA2D81842A85F0DB00BADA1D /* Dice_BlackjackApp.swift in Sources */,
			);
			runOnlyForDeploymentPostprocessing = 0;
		};
		EA2D818D2A85F0DD00BADA1D /* Sources */ = {
			isa = PBXSourcesBuildPhase;
			buildActionMask = 2147483647;
			files = (
				EA2D81962A85F0DD00BADA1D /* Dice_BlackjackTests.swift in Sources */,
			);
			runOnlyForDeploymentPostprocessing = 0;
		};
		EA2D81972A85F0DD00BADA1D /* Sources */ = {
			isa = PBXSourcesBuildPhase;
			buildActionMask = 2147483647;
			files = (
				EA2D81A22A85F0DD00BADA1D /* Dice_BlackjackUITestsLaunchTests.swift in Sources */,
				EA2D81A02A85F0DD00BADA1D /* Dice_BlackjackUITests.swift in Sources */,
			);
			runOnlyForDeploymentPostprocessing = 0;
		};
/* End PBXSourcesBuildPhase section */

/* Begin PBXTargetDependency section */
		EA2D81932A85F0DD00BADA1D /* PBXTargetDependency */ = {
			isa = PBXTargetDependency;
			target = EA2D817F2A85F0DB00BADA1D /* Dice Blackjack */;
			targetProxy = EA2D81922A85F0DD00BADA1D /* PBXContainerItemProxy */;
		};
		EA2D819D2A85F0DD00BADA1D /* PBXTargetDependency */ = {
			isa = PBXTargetDependency;
			target = EA2D817F2A85F0DB00BADA1D /* Dice Blackjack */;
			targetProxy = EA2D819C2A85F0DD00BADA1D /* PBXContainerItemProxy */;
		};
/* End PBXTargetDependency section */

/* Begin XCBuildConfiguration section */
		EA2D81A32A85F0DD00BADA1D /* Debug */ = {
			isa = XCBuildConfiguration;
			buildSettings = {
				ALWAYS_SEARCH_USER_PATHS = NO;
				CLANG_ANALYZER_NONNULL = YES;
				CLANG_ANALYZER_NUMBER_OBJECT_CONVERSION = YES_AGGRESSIVE;
				CLANG_CXX_LANGUAGE_STANDARD = "gnu++20";
				CLANG_ENABLE_MODULES = YES;
				CLANG_ENABLE_OBJC_ARC = YES;
				CLANG_ENABLE_OBJC_WEAK = YES;
				CLANG_WARN_BLOCK_CAPTURE_AUTORELEASING = YES;
				CLANG_WARN_BOOL_CONVERSION = YES;
				CLANG_WARN_COMMA = YES;
				CLANG_WARN_CONSTANT_CONVERSION = YES;
				CLANG_WARN_DEPRECATED_OBJC_IMPLEMENTATIONS = YES;
				CLANG_WARN_DIRECT_OBJC_ISA_USAGE = YES_ERROR;
				CLANG_WARN_DOCUMENTATION_COMMENTS = YES;
				CLANG_WARN_EMPTY_BODY = YES;
				CLANG_WARN_ENUM_CONVERSION = YES;
				CLANG_WARN_INFINITE_RECURSION = YES;
				CLANG_WARN_INT_CONVERSION = YES;
				CLANG_WARN_NON_LITERAL_NULL_CONVERSION = YES;
				CLANG_WARN_OBJC_IMPLICIT_RETAIN_SELF = YES;
				CLANG_WARN_OBJC_LITERAL_CONVERSION = YES;
				CLANG_WARN_OBJC_ROOT_CLASS = YES_ERROR;
				CLANG_WARN_QUOTED_INCLUDE_IN_FRAMEWORK_HEADER = YES;
				CLANG_WARN_RANGE_LOOP_ANALYSIS = YES;
				CLANG_WARN_STRICT_PROTOTYPES = YES;
				CLANG_WARN_SUSPICIOUS_MOVE = YES;
				CLANG_WARN_UNGUARDED_AVAILABILITY = YES_AGGRESSIVE;
				CLANG_WARN_UNREACHABLE_CODE = YES;
				CLANG_WARN__DUPLICATE_METHOD_MATCH = YES;
				COPY_PHASE_STRIP = NO;
				DEBUG_INFORMATION_FORMAT = dwarf;
				ENABLE_STRICT_OBJC_MSGSEND = YES;
				ENABLE_TESTABILITY = YES;
				GCC_C_LANGUAGE_STANDARD = gnu11;
				GCC_DYNAMIC_NO_PIC = NO;
				GCC_NO_COMMON_BLOCKS = YES;
				GCC_OPTIMIZATION_LEVEL = 0;
				GCC_PREPROCESSOR_DEFINITIONS = (
					"DEBUG=1",
					"$(inherited)",
				);
				GCC_WARN_64_TO_32_BIT_CONVERSION = YES;
				GCC_WARN_ABOUT_RETURN_TYPE = YES_ERROR;
				GCC_WARN_UNDECLARED_SELECTOR = YES;
				GCC_WARN_UNINITIALIZED_AUTOS = YES_AGGRESSIVE;
				GCC_WARN_UNUSED_FUNCTION = YES;
				GCC_WARN_UNUSED_VARIABLE = YES;
				MTL_ENABLE_DEBUG_INFO = INCLUDE_SOURCE;
				MTL_FAST_MATH = YES;
				ONLY_ACTIVE_ARCH = YES;
				SWIFT_ACTIVE_COMPILATION_CONDITIONS = DEBUG;
				SWIFT_OPTIMIZATION_LEVEL = "-Onone";
			};
			name = Debug;
		};
		EA2D81A42A85F0DD00BADA1D /* Release */ = {
			isa = XCBuildConfiguration;
			buildSettings = {
				ALWAYS_SEARCH_USER_PATHS = NO;
				CLANG_ANALYZER_NONNULL = YES;
				CLANG_ANALYZER_NUMBER_OBJECT_CONVERSION = YES_AGGRESSIVE;
				CLANG_CXX_LANGUAGE_STANDARD = "gnu++20";
				CLANG_ENABLE_MODULES = YES;
				CLANG_ENABLE_OBJC_ARC = YES;
				CLANG_ENABLE_OBJC_WEAK = YES;
				CLANG_WARN_BLOCK_CAPTURE_AUTORELEASING = YES;
				CLANG_WARN_BOOL_CONVERSION = YES;
				CLANG_WARN_COMMA = YES;
				CLANG_WARN_CONSTANT_CONVERSION = YES;
				CLANG_WARN_DEPRECATED_OBJC_IMPLEMENTATIONS = YES;
				CLANG_WARN_DIRECT_OBJC_ISA_USAGE = YES_ERROR;
				CLANG_WARN_DOCUMENTATION_COMMENTS = YES;
				CLANG_WARN_EMPTY_BODY = YES;
				CLANG_WARN_ENUM_CONVERSION = YES;
				CLANG_WARN_INFINITE_RECURSION = YES;
				CLANG_WARN_INT_CONVERSION = YES;
				CLANG_WARN_NON_LITERAL_NULL_CONVERSION = YES;
				CLANG_WARN_OBJC_IMPLICIT_RETAIN_SELF = YES;
				CLANG_WARN_OBJC_LITERAL_CONVERSION = YES;
				CLANG_WARN_OBJC_ROOT_CLASS = YES_ERROR;
				CLANG_WARN_QUOTED_INCLUDE_IN_FRAMEWORK_HEADER = YES;
				CLANG_WARN_RANGE_LOOP_ANALYSIS = YES;
				CLANG_WARN_STRICT_PROTOTYPES = YES;
				CLANG_WARN_SUSPICIOUS_MOVE = YES;
				CLANG_WARN_UNGUARDED_AVAILABILITY = YES_AGGRESSIVE;
				CLANG_WARN_UNREACHABLE_CODE = YES;
				CLANG_WARN__DUPLICATE_METHOD_MATCH = YES;
				COPY_PHASE_STRIP = NO;
				DEBUG_INFORMATION_FORMAT = "dwarf-with-dsym";
				ENABLE_NS_ASSERTIONS = NO;
				ENABLE_STRICT_OBJC_MSGSEND = YES;
				GCC_C_LANGUAGE_STANDARD = gnu11;
				GCC_NO_COMMON_BLOCKS = YES;
				GCC_WARN_64_TO_32_BIT_CONVERSION = YES;
				GCC_WARN_ABOUT_RETURN_TYPE = YES_ERROR;
				GCC_WARN_UNDECLARED_SELECTOR = YES;
				GCC_WARN_UNINITIALIZED_AUTOS = YES_AGGRESSIVE;
				GCC_WARN_UNUSED_FUNCTION = YES;
				GCC_WARN_UNUSED_VARIABLE = YES;
				MTL_ENABLE_DEBUG_INFO = NO;
				MTL_FAST_MATH = YES;
				SWIFT_COMPILATION_MODE = wholemodule;
				SWIFT_OPTIMIZATION_LEVEL = "-O";
			};
			name = Release;
		};
		EA2D81A62A85F0DD00BADA1D /* Debug */ = {
			isa = XCBuildConfiguration;
			buildSettings = {
				ASSETCATALOG_COMPILER_APPICON_NAME = AppIcon;
				ASSETCATALOG_COMPILER_GLOBAL_ACCENT_COLOR_NAME = AccentColor;
				CODE_SIGN_ENTITLEMENTS = "Dice Blackjack/Dice_Blackjack.entitlements";
				CODE_SIGN_STYLE = Automatic;
				CURRENT_PROJECT_VERSION = 1;
				DEVELOPMENT_ASSET_PATHS = "\"Dice Blackjack/Preview Content\"";
				ENABLE_PREVIEWS = YES;
				GENERATE_INFOPLIST_FILE = YES;
				"INFOPLIST_KEY_UIApplicationSceneManifest_Generation[sdk=iphoneos*]" = YES;
				"INFOPLIST_KEY_UIApplicationSceneManifest_Generation[sdk=iphonesimulator*]" = YES;
				"INFOPLIST_KEY_UIApplicationSupportsIndirectInputEvents[sdk=iphoneos*]" = YES;
				"INFOPLIST_KEY_UIApplicationSupportsIndirectInputEvents[sdk=iphonesimulator*]" = YES;
				"INFOPLIST_KEY_UILaunchScreen_Generation[sdk=iphoneos*]" = YES;
				"INFOPLIST_KEY_UILaunchScreen_Generation[sdk=iphonesimulator*]" = YES;
				"INFOPLIST_KEY_UIStatusBarStyle[sdk=iphoneos*]" = UIStatusBarStyleDefault;
				"INFOPLIST_KEY_UIStatusBarStyle[sdk=iphonesimulator*]" = UIStatusBarStyleDefault;
				INFOPLIST_KEY_UISupportedInterfaceOrientations_iPad = "UIInterfaceOrientationPortrait UIInterfaceOrientationPortraitUpsideDown UIInterfaceOrientationLandscapeLeft UIInterfaceOrientationLandscapeRight";
				INFOPLIST_KEY_UISupportedInterfaceOrientations_iPhone = "UIInterfaceOrientationPortrait UIInterfaceOrientationLandscapeLeft UIInterfaceOrientationLandscapeRight";
				IPHONEOS_DEPLOYMENT_TARGET = 16.4;
				LD_RUNPATH_SEARCH_PATHS = "@executable_path/Frameworks";
				"LD_RUNPATH_SEARCH_PATHS[sdk=macosx*]" = "@executable_path/../Frameworks";
				MACOSX_DEPLOYMENT_TARGET = 13.3;
				MARKETING_VERSION = 1.0;
				PRODUCT_BUNDLE_IDENTIFIER = "tony.Dice-Blackjack";
				PRODUCT_NAME = "$(TARGET_NAME)";
				SDKROOT = auto;
				SUPPORTED_PLATFORMS = "iphoneos iphonesimulator macosx";
				SWIFT_EMIT_LOC_STRINGS = YES;
				SWIFT_VERSION = 5.0;
				TARGETED_DEVICE_FAMILY = "1,2";
			};
			name = Debug;
		};
		EA2D81A72A85F0DD00BADA1D /* Release */ = {
			isa = XCBuildConfiguration;
			buildSettings = {
				ASSETCATALOG_COMPILER_APPICON_NAME = AppIcon;
				ASSETCATALOG_COMPILER_GLOBAL_ACCENT_COLOR_NAME = AccentColor;
				CODE_SIGN_ENTITLEMENTS = "Dice Blackjack/Dice_Blackjack.entitlements";
				CODE_SIGN_STYLE = Automatic;
				CURRENT_PROJECT_VERSION = 1;
				DEVELOPMENT_ASSET_PATHS = "\"Dice Blackjack/Preview Content\"";
				ENABLE_PREVIEWS = YES;
				GENERATE_INFOPLIST_FILE = YES;
				"INFOPLIST_KEY_UIApplicationSceneManifest_Generation[sdk=iphoneos*]" = YES;
				"INFOPLIST_KEY_UIApplicationSceneManifest_Generation[sdk=iphonesimulator*]" = YES;
				"INFOPLIST_KEY_UIApplicationSupportsIndirectInputEvents[sdk=iphoneos*]" = YES;
				"INFOPLIST_KEY_UIApplicationSupportsIndirectInputEvents[sdk=iphonesimulator*]" = YES;
				"INFOPLIST_KEY_UILaunchScreen_Generation[sdk=iphoneos*]" = YES;
				"INFOPLIST_KEY_UILaunchScreen_Generation[sdk=iphonesimulator*]" = YES;
				"INFOPLIST_KEY_UIStatusBarStyle[sdk=iphoneos*]" = UIStatusBarStyleDefault;
				"INFOPLIST_KEY_UIStatusBarStyle[sdk=iphonesimulator*]" = UIStatusBarStyleDefault;
				INFOPLIST_KEY_UISupportedInterfaceOrientations_iPad = "UIInterfaceOrientationPortrait UIInterfaceOrientationPortraitUpsideDown UIInterfaceOrientationLandscapeLeft UIInterfaceOrientationLandscapeRight";
				INFOPLIST_KEY_UISupportedInterfaceOrientations_iPhone = "UIInterfaceOrientationPortrait UIInterfaceOrientationLandscapeLeft UIInterfaceOrientationLandscapeRight";
				IPHONEOS_DEPLOYMENT_TARGET = 16.4;
				LD_RUNPATH_SEARCH_PATHS = "@executable_path/Frameworks";
				"LD_RUNPATH_SEARCH_PATHS[sdk=macosx*]" = "@executable_path/../Frameworks";
				MACOSX_DEPLOYMENT_TARGET = 13.3;
				MARKETING_VERSION = 1.0;
				PRODUCT_BUNDLE_IDENTIFIER = "tony.Dice-Blackjack";
				PRODUCT_NAME = "$(TARGET_NAME)";
				SDKROOT = auto;
				SUPPORTED_PLATFORMS = "iphoneos iphonesimulator macosx";
				SWIFT_EMIT_LOC_STRINGS = YES;
				SWIFT_VERSION = 5.0;
				TARGETED_DEVICE_FAMILY = "1,2";
			};
			name = Release;
		};
		EA2D81A92A85F0DD00BADA1D /* Debug */ = {
			isa = XCBuildConfiguration;
			buildSettings = {
				ALWAYS_EMBED_SWIFT_STANDARD_LIBRARIES = YES;
				BUNDLE_LOADER = "$(TEST_HOST)";
				CODE_SIGN_STYLE = Automatic;
				CURRENT_PROJECT_VERSION = 1;
				GENERATE_INFOPLIST_FILE = YES;
				IPHONEOS_DEPLOYMENT_TARGET = 16.4;
				MACOSX_DEPLOYMENT_TARGET = 13.3;
				MARKETING_VERSION = 1.0;
				PRODUCT_BUNDLE_IDENTIFIER = "tony.Dice-BlackjackTests";
				PRODUCT_NAME = "$(TARGET_NAME)";
				SDKROOT = auto;
				SUPPORTED_PLATFORMS = "iphoneos iphonesimulator macosx";
				SWIFT_EMIT_LOC_STRINGS = NO;
				SWIFT_VERSION = 5.0;
				TARGETED_DEVICE_FAMILY = "1,2";
				TEST_HOST = "$(BUILT_PRODUCTS_DIR)/Dice Blackjack.app/$(BUNDLE_EXECUTABLE_FOLDER_PATH)/Dice Blackjack";
			};
			name = Debug;
		};
		EA2D81AA2A85F0DD00BADA1D /* Release */ = {
			isa = XCBuildConfiguration;
			buildSettings = {
				ALWAYS_EMBED_SWIFT_STANDARD_LIBRARIES = YES;
				BUNDLE_LOADER = "$(TEST_HOST)";
				CODE_SIGN_STYLE = Automatic;
				CURRENT_PROJECT_VERSION = 1;
				GENERATE_INFOPLIST_FILE = YES;
				IPHONEOS_DEPLOYMENT_TARGET = 16.4;
				MACOSX_DEPLOYMENT_TARGET = 13.3;
				MARKETING_VERSION = 1.0;
				PRODUCT_BUNDLE_IDENTIFIER = "tony.Dice-BlackjackTests";
				PRODUCT_NAME = "$(TARGET_NAME)";
				SDKROOT = auto;
				SUPPORTED_PLATFORMS = "iphoneos iphonesimulator macosx";
				SWIFT_EMIT_LOC_STRINGS = NO;
				SWIFT_VERSION = 5.0;
				TARGETED_DEVICE_FAMILY = "1,2";
				TEST_HOST = "$(BUILT_PRODUCTS_DIR)/Dice Blackjack.app/$(BUNDLE_EXECUTABLE_FOLDER_PATH)/Dice Blackjack";
			};
			name = Release;
		};
		EA2D81AC2A85F0DD00BADA1D /* Debug */ = {
			isa = XCBuildConfiguration;
			buildSettings = {
				ALWAYS_EMBED_SWIFT_STANDARD_LIBRARIES = YES;
				CODE_SIGN_STYLE = Automatic;
				CURRENT_PROJECT_VERSION = 1;
				GENERATE_INFOPLIST_FILE = YES;
				IPHONEOS_DEPLOYMENT_TARGET = 16.4;
				MACOSX_DEPLOYMENT_TARGET = 13.3;
				MARKETING_VERSION = 1.0;
				PRODUCT_BUNDLE_IDENTIFIER = "tony.Dice-BlackjackUITests";
				PRODUCT_NAME = "$(TARGET_NAME)";
				SDKROOT = auto;
				SUPPORTED_PLATFORMS = "iphoneos iphonesimulator macosx";
				SWIFT_EMIT_LOC_STRINGS = NO;
				SWIFT_VERSION = 5.0;
				TARGETED_DEVICE_FAMILY = "1,2";
				TEST_TARGET_NAME = "Dice Blackjack";
			};
			name = Debug;
		};
		EA2D81AD2A85F0DD00BADA1D /* Release */ = {
			isa = XCBuildConfiguration;
			buildSettings = {
				ALWAYS_EMBED_SWIFT_STANDARD_LIBRARIES = YES;
				CODE_SIGN_STYLE = Automatic;
				CURRENT_PROJECT_VERSION = 1;
				GENERATE_INFOPLIST_FILE = YES;
				IPHONEOS_DEPLOYMENT_TARGET = 16.4;
				MACOSX_DEPLOYMENT_TARGET = 13.3;
				MARKETING_VERSION = 1.0;
				PRODUCT_BUNDLE_IDENTIFIER = "tony.Dice-BlackjackUITests";
				PRODUCT_NAME = "$(TARGET_NAME)";
				SDKROOT = auto;
				SUPPORTED_PLATFORMS = "iphoneos iphonesimulator macosx";
				SWIFT_EMIT_LOC_STRINGS = NO;
				SWIFT_VERSION = 5.0;
				TARGETED_DEVICE_FAMILY = "1,2";
				TEST_TARGET_NAME = "Dice Blackjack";
			};
			name = Release;
		};
/* End XCBuildConfiguration section */

/* Begin XCConfigurationList section */
		EA2D817B2A85F0DB00BADA1D /* Build configuration list for PBXProject "Dice Blackjack" */ = {
			isa = XCConfigurationList;
			buildConfigurations = (
				EA2D81A32A85F0DD00BADA1D /* Debug */,
				EA2D81A42A85F0DD00BADA1D /* Release */,
			);
			defaultConfigurationIsVisible = 0;
			defaultConfigurationName = Release;
		};
		EA2D81A52A85F0DD00BADA1D /* Build configuration list for PBXNativeTarget "Dice Blackjack" */ = {
			isa = XCConfigurationList;
			buildConfigurations = (
				EA2D81A62A85F0DD00BADA1D /* Debug */,
				EA2D81A72A85F0DD00BADA1D /* Release */,
			);
			defaultConfigurationIsVisible = 0;
			defaultConfigurationName = Release;
		};
		EA2D81A82A85F0DD00BADA1D /* Build configuration list for PBXNativeTarget "Dice BlackjackTests" */ = {
			isa = XCConfigurationList;
			buildConfigurations = (
				EA2D81A92A85F0DD00BADA1D /* Debug */,
				EA2D81AA2A85F0DD00BADA1D /* Release */,
			);
			defaultConfigurationIsVisible = 0;
			defaultConfigurationName = Release;
		};
		EA2D81AB2A85F0DD00BADA1D /* Build configuration list for PBXNativeTarget "Dice BlackjackUITests" */ = {
			isa = XCConfigurationList;
			buildConfigurations = (
				EA2D81AC2A85F0DD00BADA1D /* Debug */,
				EA2D81AD2A85F0DD00BADA1D /* Release */,
			);
			defaultConfigurationIsVisible = 0;
			defaultConfigurationName = Release;
		};
/* End XCConfigurationList section */
	};
	rootObject = EA2D81782A85F0DB00BADA1D /* Project object */;
}
